
Microsoft Visual Studio Solution File, Format Version 12.00
Project("{FAE04EC0-301F-11D3-BF4B-00C04F79EFBC}") = "Mission11_Barney", "Mission11_Barney\Mission11_Barney.csproj", "{6206B2DB-64FA-40C0-99E5-DD79846F5898}"
EndProject
Global
	GlobalSection(SolutionConfigurationPlatforms) = preSolution
		Debug|Any CPU = Debug|Any CPU
		Release|Any CPU = Release|Any CPU
	EndGlobalSection
	GlobalSection(ProjectConfigurationPlatforms) = postSolution
		{6206B2DB-64FA-40C0-99E5-DD79846F5898}.Debug|Any CPU.ActiveCfg = Debug|Any CPU
		{6206B2DB-64FA-40C0-99E5-DD79846F5898}.Debug|Any CPU.Build.0 = Debug|Any CPU
		{6206B2DB-64FA-40C0-99E5-DD79846F5898}.Release|Any CPU.ActiveCfg = Release|Any CPU
		{6206B2DB-64FA-40C0-99E5-DD79846F5898}.Release|Any CPU.Build.0 = Release|Any CPU
	EndGlobalSection
EndGlobal
